
Microsoft Visual Studio Solution File, Format Version 12.00
# Visual Studio 15
VisualStudioVersion = 15.0.28307.572
MinimumVisualStudioVersion = 10.0.40219.1
Project("{FAE04EC0-301F-11D3-BF4B-00C04F79EFBC}") = "McFuncCompiler", "McFuncCompiler\McFuncCompiler.csproj", "{9DE8E667-A9AE-4B2A-941B-1BEA0B8D73FF}"
EndProject
Project("{FAE04EC0-301F-11D3-BF4B-00C04F79EFBC}") = "McFuncCompiler.Test", "McFuncCompiler.Test\McFuncCompiler.Test.csproj", "{152D5C5C-B6EE-4DC9-B61D-98A3A2D9B599}"
EndProject
Global
	GlobalSection(SolutionConfigurationPlatforms) = preSolution
		Debug (Test Compile)|Any CPU = Debug (Test Compile)|Any CPU
		Debug|Any CPU = Debug|Any CPU
		Release|Any CPU = Release|Any CPU
	EndGlobalSection
	GlobalSection(ProjectConfigurationPlatforms) = postSolution
		{9DE8E667-A9AE-4B2A-941B-1BEA0B8D73FF}.Debug (Test Compile)|Any CPU.ActiveCfg = Debug (Test Compile)|Any CPU
		{9DE8E667-A9AE-4B2A-941B-1BEA0B8D73FF}.Debug (Test Compile)|Any CPU.Build.0 = Debug (Test Compile)|Any CPU
		{9DE8E667-A9AE-4B2A-941B-1BEA0B8D73FF}.Debug|Any CPU.ActiveCfg = Debug|Any CPU
		{9DE8E667-A9AE-4B2A-941B-1BEA0B8D73FF}.Debug|Any CPU.Build.0 = Debug|Any CPU
		{9DE8E667-A9AE-4B2A-941B-1BEA0B8D73FF}.Release|Any CPU.ActiveCfg = Release|Any CPU
		{9DE8E667-A9AE-4B2A-941B-1BEA0B8D73FF}.Release|Any CPU.Build.0 = Release|Any CPU
		{152D5C5C-B6EE-4DC9-B61D-98A3A2D9B599}.Debug (Test Compile)|Any CPU.ActiveCfg = Debug (Test Compile)|Any CPU
		{152D5C5C-B6EE-4DC9-B61D-98A3A2D9B599}.Debug (Test Compile)|Any CPU.Build.0 = Debug (Test Compile)|Any CPU
		{152D5C5C-B6EE-4DC9-B61D-98A3A2D9B599}.Debug|Any CPU.ActiveCfg = Debug|Any CPU
		{152D5C5C-B6EE-4DC9-B61D-98A3A2D9B599}.Debug|Any CPU.Build.0 = Debug|Any CPU
		{152D5C5C-B6EE-4DC9-B61D-98A3A2D9B599}.Release|Any CPU.ActiveCfg = Release|Any CPU
		{152D5C5C-B6EE-4DC9-B61D-98A3A2D9B599}.Release|Any CPU.Build.0 = Release|Any CPU
	EndGlobalSection
	GlobalSection(SolutionProperties) = preSolution
		HideSolutionNode = FALSE
	EndGlobalSection
	GlobalSection(ExtensibilityGlobals) = postSolution
		SolutionGuid = {85570EA5-6257-43B1-9BC5-DB8DC41713AB}
	EndGlobalSection
EndGlobal
